
Microsoft Visual Studio Solution File, Format Version 12.00
# Visual Studio Version 17
VisualStudioVersion = 17.8.34511.84
MinimumVisualStudioVersion = 10.0.40219.1
Project("{FAE04EC0-301F-11D3-BF4B-00C04F79EFBC}") = "firstwebform", "firstwebform\firstwebform.csproj", "{6256394A-1E35-41C1-82B9-92445542D34F}"
EndProject
Global
	GlobalSection(SolutionConfigurationPlatforms) = preSolution
		Debug|Any CPU = Debug|Any CPU
		Release|Any CPU = Release|Any CPU
	EndGlobalSection
	GlobalSection(ProjectConfigurationPlatforms) = postSolution
		{6256394A-1E35-41C1-82B9-92445542D34F}.Debug|Any CPU.ActiveCfg = Debug|Any CPU
		{6256394A-1E35-41C1-82B9-92445542D34F}.Debug|Any CPU.Build.0 = Debug|Any CPU
		{6256394A-1E35-41C1-82B9-92445542D34F}.Release|Any CPU.ActiveCfg = Release|Any CPU
		{6256394A-1E35-41C1-82B9-92445542D34F}.Release|Any CPU.Build.0 = Release|Any CPU
	EndGlobalSection
	GlobalSection(SolutionProperties) = preSolution
		HideSolutionNode = FALSE
	EndGlobalSection
	GlobalSection(ExtensibilityGlobals) = postSolution
		SolutionGuid = {7893C7B0-ABBA-4E89-897D-B0E9E45BED5D}
	EndGlobalSection
EndGlobal
